
Microsoft Visual Studio Solution File, Format Version 12.00
# Visual Studio Version 17
VisualStudioVersion = 17.0.31903.59
MinimumVisualStudioVersion = 10.0.40219.1
Project("{8BC9CEB8-8B4A-11D0-8D11-00A0C91BC942}") = "laba1", "laba1\laba1.vcxproj", "{B9743AB2-211D-4BE2-8972-148F5ED74BEC}"
EndProject
Project("{8BC9CEB8-8B4A-11D0-8D11-00A0C91BC942}") = "laba2", "laba2\laba2.vcxproj", "{968286D5-6968-4F6E-BF9B-636735E4D6C5}"
EndProject
Project("{8BC9CEB8-8B4A-11D0-8D11-00A0C91BC942}") = "laba2.1", "laba2.1\laba2.1.vcxproj", "{A1E4945F-96CD-406E-82F6-8C64A682F3D4}"
EndProject
Project("{8BC9CEB8-8B4A-11D0-8D11-00A0C91BC942}") = "laba3", "laba3main\laba3main.vcxproj", "{DB3685FE-5DCF-460D-821D-CC129301E3F8}"
EndProject
Project("{8BC9CEB8-8B4A-11D0-8D11-00A0C91BC942}") = "laba4", "laba4main\laba4main.vcxproj", "{A67050C3-EF37-49DE-B75C-307D8F3435F2}"
EndProject
Project("{8BC9CEB8-8B4A-11D0-8D11-00A0C91BC942}") = "laba5", "laba5main\laba5main.vcxproj", "{C1A2C05A-4EA7-4B11-98FB-16A80096DE4F}"
EndProject
Project("{8BC9CEB8-8B4A-11D0-8D11-00A0C91BC942}") = "laba6", "laba6main\laba6main.vcxproj", "{4AA81033-26F4-41D3-A8E7-C0A2D98FD84C}"
EndProject
Project("{8BC9CEB8-8B4A-11D0-8D11-00A0C91BC942}") = "laba7", "laba7main\laba7main.vcxproj", "{9B492940-0424-448F-9D74-EA2E392029D0}"
EndProject
Project("{8BC9CEB8-8B4A-11D0-8D11-00A0C91BC942}") = "laba8", "laba8main\laba8main.vcxproj", "{9E58EBBB-06B3-455C-A625-44B07687A452}"
EndProject
Project("{8BC9CEB8-8B4A-11D0-8D11-00A0C91BC942}") = "laba3.1", "laba3.1main\laba3.1main.vcxproj", "{839D8788-6443-4583-A0C2-ADA1AA354215}"
EndProject
Global
	GlobalSection(SolutionConfigurationPlatforms) = preSolution
		Debug|x64 = Debug|x64
		Debug|x86 = Debug|x86
		Release|x64 = Release|x64
		Release|x86 = Release|x86
	EndGlobalSection
	GlobalSection(ProjectConfigurationPlatforms) = postSolution
		{B9743AB2-211D-4BE2-8972-148F5ED74BEC}.Debug|x64.ActiveCfg = Debug|x64
		{B9743AB2-211D-4BE2-8972-148F5ED74BEC}.Debug|x64.Build.0 = Debug|x64
		{B9743AB2-211D-4BE2-8972-148F5ED74BEC}.Debug|x86.ActiveCfg = Debug|Win32
		{B9743AB2-211D-4BE2-8972-148F5ED74BEC}.Debug|x86.Build.0 = Debug|Win32
		{B9743AB2-211D-4BE2-8972-148F5ED74BEC}.Release|x64.ActiveCfg = Release|x64
		{B9743AB2-211D-4BE2-8972-148F5ED74BEC}.Release|x64.Build.0 = Release|x64
		{B9743AB2-211D-4BE2-8972-148F5ED74BEC}.Release|x86.ActiveCfg = Release|Win32
		{B9743AB2-211D-4BE2-8972-148F5ED74BEC}.Release|x86.Build.0 = Release|Win32
		{968286D5-6968-4F6E-BF9B-636735E4D6C5}.Debug|x64.ActiveCfg = Debug|x64
		{968286D5-6968-4F6E-BF9B-636735E4D6C5}.Debug|x64.Build.0 = Debug|x64
		{968286D5-6968-4F6E-BF9B-636735E4D6C5}.Debug|x86.ActiveCfg = Debug|Win32
		{968286D5-6968-4F6E-BF9B-636735E4D6C5}.Debug|x86.Build.0 = Debug|Win32
		{968286D5-6968-4F6E-BF9B-636735E4D6C5}.Release|x64.ActiveCfg = Release|x64
		{968286D5-6968-4F6E-BF9B-636735E4D6C5}.Release|x64.Build.0 = Release|x64
		{968286D5-6968-4F6E-BF9B-636735E4D6C5}.Release|x86.ActiveCfg = Release|Win32
		{968286D5-6968-4F6E-BF9B-636735E4D6C5}.Release|x86.Build.0 = Release|Win32
		{A1E4945F-96CD-406E-82F6-8C64A682F3D4}.Debug|x64.ActiveCfg = Debug|x64
		{A1E4945F-96CD-406E-82F6-8C64A682F3D4}.Debug|x64.Build.0 = Debug|x64
		{A1E4945F-96CD-406E-82F6-8C64A682F3D4}.Debug|x86.ActiveCfg = Debug|Win32
		{A1E4945F-96CD-406E-82F6-8C64A682F3D4}.Debug|x86.Build.0 = Debug|Win32
		{A1E4945F-96CD-406E-82F6-8C64A682F3D4}.Release|x64.ActiveCfg = Release|x64
		{A1E4945F-96CD-406E-82F6-8C64A682F3D4}.Release|x64.Build.0 = Release|x64
		{A1E4945F-96CD-406E-82F6-8C64A682F3D4}.Release|x86.ActiveCfg = Release|Win32
		{A1E4945F-96CD-406E-82F6-8C64A682F3D4}.Release|x86.Build.0 = Release|Win32
		{DB3685FE-5DCF-460D-821D-CC129301E3F8}.Debug|x64.ActiveCfg = Debug|x64
		{DB3685FE-5DCF-460D-821D-CC129301E3F8}.Debug|x64.Build.0 = Debug|x64
		{DB3685FE-5DCF-460D-821D-CC129301E3F8}.Debug|x86.ActiveCfg = Debug|Win32
		{DB3685FE-5DCF-460D-821D-CC129301E3F8}.Debug|x86.Build.0 = Debug|Win32
		{DB3685FE-5DCF-460D-821D-CC129301E3F8}.Release|x64.ActiveCfg = Release|x64
		{DB3685FE-5DCF-460D-821D-CC129301E3F8}.Release|x64.Build.0 = Release|x64
		{DB3685FE-5DCF-460D-821D-CC129301E3F8}.Release|x86.ActiveCfg = Release|Win32
		{DB3685FE-5DCF-460D-821D-CC129301E3F8}.Release|x86.Build.0 = Release|Win32
		{A67050C3-EF37-49DE-B75C-307D8F3435F2}.Debug|x64.ActiveCfg = Debug|x64
		{A67050C3-EF37-49DE-B75C-307D8F3435F2}.Debug|x64.Build.0 = Debug|x64
		{A67050C3-EF37-49DE-B75C-307D8F3435F2}.Debug|x86.ActiveCfg = Debug|Win32
		{A67050C3-EF37-49DE-B75C-307D8F3435F2}.Debug|x86.Build.0 = Debug|Win32
		{A67050C3-EF37-49DE-B75C-307D8F3435F2}.Release|x64.ActiveCfg = Release|x64
		{A67050C3-EF37-49DE-B75C-307D8F3435F2}.Release|x64.Build.0 = Release|x64
		{A67050C3-EF37-49DE-B75C-307D8F3435F2}.Release|x86.ActiveCfg = Release|Win32
		{A67050C3-EF37-49DE-B75C-307D8F3435F2}.Release|x86.Build.0 = Release|Win32
		{C1A2C05A-4EA7-4B11-98FB-16A80096DE4F}.Debug|x64.ActiveCfg = Debug|x64
		{C1A2C05A-4EA7-4B11-98FB-16A80096DE4F}.Debug|x64.Build.0 = Debug|x64
		{C1A2C05A-4EA7-4B11-98FB-16A80096DE4F}.Debug|x86.ActiveCfg = Debug|Win32
		{C1A2C05A-4EA7-4B11-98FB-16A80096DE4F}.Debug|x86.Build.0 = Debug|Win32
		{C1A2C05A-4EA7-4B11-98FB-16A80096DE4F}.Release|x64.ActiveCfg = Release|x64
		{C1A2C05A-4EA7-4B11-98FB-16A80096DE4F}.Release|x64.Build.0 = Release|x64
		{C1A2C05A-4EA7-4B11-98FB-16A80096DE4F}.Release|x86.ActiveCfg = Release|Win32
		{C1A2C05A-4EA7-4B11-98FB-16A80096DE4F}.Release|x86.Build.0 = Release|Win32
		{4AA81033-26F4-41D3-A8E7-C0A2D98FD84C}.Debug|x64.ActiveCfg = Debug|x64
		{4AA81033-26F4-41D3-A8E7-C0A2D98FD84C}.Debug|x64.Build.0 = Debug|x64
		{4AA81033-26F4-41D3-A8E7-C0A2D98FD84C}.Debug|x86.ActiveCfg = Debug|Win32
		{4AA81033-26F4-41D3-A8E7-C0A2D98FD84C}.Debug|x86.Build.0 = Debug|Win32
		{4AA81033-26F4-41D3-A8E7-C0A2D98FD84C}.Release|x64.ActiveCfg = Release|x64
		{4AA81033-26F4-41D3-A8E7-C0A2D98FD84C}.Release|x64.Build.0 = Release|x64
		{4AA81033-26F4-41D3-A8E7-C0A2D98FD84C}.Release|x86.ActiveCfg = Release|Win32
		{4AA81033-26F4-41D3-A8E7-C0A2D98FD84C}.Release|x86.Build.0 = Release|Win32
		{9B492940-0424-448F-9D74-EA2E392029D0}.Debug|x64.ActiveCfg = Debug|x64
		{9B492940-0424-448F-9D74-EA2E392029D0}.Debug|x64.Build.0 = Debug|x64
		{9B492940-0424-448F-9D74-EA2E392029D0}.Debug|x86.ActiveCfg = Debug|Win32
		{9B492940-0424-448F-9D74-EA2E392029D0}.Debug|x86.Build.0 = Debug|Win32
		{9B492940-0424-448F-9D74-EA2E392029D0}.Release|x64.ActiveCfg = Release|x64
		{9B492940-0424-448F-9D74-EA2E392029D0}.Release|x64.Build.0 = Release|x64
		{9B492940-0424-448F-9D74-EA2E392029D0}.Release|x86.ActiveCfg = Release|Win32
		{9B492940-0424-448F-9D74-EA2E392029D0}.Release|x86.Build.0 = Release|Win32
		{9E58EBBB-06B3-455C-A625-44B07687A452}.Debug|x64.ActiveCfg = Debug|x64
		{9E58EBBB-06B3-455C-A625-44B07687A452}.Debug|x64.Build.0 = Debug|x64
		{9E58EBBB-06B3-455C-A625-44B07687A452}.Debug|x86.ActiveCfg = Debug|Win32
		{9E58EBBB-06B3-455C-A625-44B07687A452}.Debug|x86.Build.0 = Debug|Win32
		{9E58EBBB-06B3-455C-A625-44B07687A452}.Release|x64.ActiveCfg = Release|x64
		{9E58EBBB-06B3-455C-A625-44B07687A452}.Release|x64.Build.0 = Release|x64
		{9E58EBBB-06B3-455C-A625-44B07687A452}.Release|x86.ActiveCfg = Release|Win32
		{9E58EBBB-06B3-455C-A625-44B07687A452}.Release|x86.Build.0 = Release|Win32
		{839D8788-6443-4583-A0C2-ADA1AA354215}.Debug|x64.ActiveCfg = Debug|x64
		{839D8788-6443-4583-A0C2-ADA1AA354215}.Debug|x64.Build.0 = Debug|x64
		{839D8788-6443-4583-A0C2-ADA1AA354215}.Debug|x86.ActiveCfg = Debug|Win32
		{839D8788-6443-4583-A0C2-ADA1AA354215}.Debug|x86.Build.0 = Debug|Win32
		{839D8788-6443-4583-A0C2-ADA1AA354215}.Release|x64.ActiveCfg = Release|x64
		{839D8788-6443-4583-A0C2-ADA1AA354215}.Release|x64.Build.0 = Release|x64
		{839D8788-6443-4583-A0C2-ADA1AA354215}.Release|x86.ActiveCfg = Release|Win32
		{839D8788-6443-4583-A0C2-ADA1AA354215}.Release|x86.Build.0 = Release|Win32
	EndGlobalSection
	GlobalSection(SolutionProperties) = preSolution
		HideSolutionNode = FALSE
	EndGlobalSection
	GlobalSection(ExtensibilityGlobals) = postSolution
		SolutionGuid = {48E3D97C-8322-4730-AC0F-45FA037F8A1A}
	EndGlobalSection
EndGlobal
